
Microsoft Visual Studio Solution File, Format Version 12.00
# Visual Studio Version 17
VisualStudioVersion = 17.0.31903.59
MinimumVisualStudioVersion = 10.0.40219.1
Project("{2150E333-8FDC-42A3-9474-1A3956D46DE8}") = "tests", "tests", "{2260A756-89FB-45AC-801E-51B4F55444ED}"
EndProject
Project("{2150E333-8FDC-42A3-9474-1A3956D46DE8}") = "src", "src", "{96A37CC9-9A09-49F5-9227-00921810A3C3}"
EndProject
Project("{2150E333-8FDC-42A3-9474-1A3956D46DE8}") = "1 - Services", "1 - Services", "{4AC871F4-A7AE-490E-8463-5879F0E95EDB}"
EndProject
Project("{9A19103F-16F7-4668-BE54-9A1E7A4F7556}") = "OctoEvents.API", "src\Services\OctoEvents.API\OctoEvents.API.csproj", "{FEE3189C-9BB4-4014-A535-15CAEFC6F29D}"
EndProject
Project("{9A19103F-16F7-4668-BE54-9A1E7A4F7556}") = "OctoEvents.Domain", "src\Domain\OctoEvents.Domain\OctoEvents.Domain.csproj", "{C8A28315-A53D-4C5F-B2DA-DB1C3BC52BC0}"
EndProject
Project("{2150E333-8FDC-42A3-9474-1A3956D46DE8}") = "4 - Domain", "4 - Domain", "{76D775FF-F793-49BA-B40C-9CA0577944AD}"
EndProject
Project("{2150E333-8FDC-42A3-9474-1A3956D46DE8}") = "2 - CrossCutting", "2 - CrossCutting", "{47E754F3-3598-4A10-B8B6-F08275C75C29}"
EndProject
Project("{2150E333-8FDC-42A3-9474-1A3956D46DE8}") = "3 - Infrastructure", "3 - Infrastructure", "{517B1258-4578-4B63-A1A8-32228AD9C982}"
EndProject
Project("{2150E333-8FDC-42A3-9474-1A3956D46DE8}") = "Data", "Data", "{D8A726B8-434C-4ECB-90B5-B6815C6861FC}"
EndProject
Project("{2150E333-8FDC-42A3-9474-1A3956D46DE8}") = "5 - Application", "5 - Application", "{93125017-8FE4-42D7-9D6B-0CD46425F874}"
EndProject
Project("{9A19103F-16F7-4668-BE54-9A1E7A4F7556}") = "OctoEvents.Application", "src\Application\OctoEvents.Application\OctoEvents.Application.csproj", "{8A2B433B-B464-4D25-9992-B7EE3080C385}"
EndProject
Project("{9A19103F-16F7-4668-BE54-9A1E7A4F7556}") = "OctoEvents.Infrastructure.Data", "src\Infrastructure\OctoEvents.Infrastructure.Data\OctoEvents.Infrastructure.Data.csproj", "{C3E74541-642D-4427-89AD-E7C370BC289A}"
EndProject
Project("{9A19103F-16F7-4668-BE54-9A1E7A4F7556}") = "OctoEvents.CrossCutting.IoC", "src\CrossCutting\OctoEvents.IoC\OctoEvents.CrossCutting.IoC.csproj", "{5E8F1A45-54EB-4435-BE4F-FD6561E61F89}"
EndProject
Project("{9A19103F-16F7-4668-BE54-9A1E7A4F7556}") = "OctoEvents.CrossCutting", "src\CrossCutting\OctoEvents.CrossCutting\OctoEvents.CrossCutting.csproj", "{C6C85378-BA31-48CC-924E-067EB9D1C332}"
EndProject
Project("{9A19103F-16F7-4668-BE54-9A1E7A4F7556}") = "OctoEvents.Tests.Configuration", "src\tests\OctoEvents.Tests.Configuration\OctoEvents.Tests.Configuration.csproj", "{DB2BF2C8-C179-4012-94D3-B08CC43D25D4}"
EndProject
Project("{9A19103F-16F7-4668-BE54-9A1E7A4F7556}") = "OctoEvents.Domain.UnitTests", "src\tests\OctoEvents.Domain.UnitTests\OctoEvents.Domain.UnitTests.csproj", "{896F9113-D955-44BB-9E30-2C184BF66FA3}"
EndProject
Project("{9A19103F-16F7-4668-BE54-9A1E7A4F7556}") = "OctoEvents.Application.UnitTests", "src\tests\OctoEvents.Application.UnitTests\OctoEvents.Application.UnitTests.csproj", "{7FC4AE07-7B6C-4377-BE6C-8DA6FF785799}"
EndProject
Project("{2150E333-8FDC-42A3-9474-1A3956D46DE8}") = "Integration", "Integration", "{75E64ADC-A6FB-4D6C-9FFC-6F049E028FBD}"
EndProject
Project("{FAE04EC0-301F-11D3-BF4B-00C04F79EFBC}") = "OctoEvents.Infrastructure.Data.IntegrationTests", "src\tests\Integration\OctoEvents.Infrastructure.Data.IntegrationTests\OctoEvents.Infrastructure.Data.IntegrationTests.csproj", "{F7DA61BC-09B7-4C09-814D-86B3D2B94CEF}"
EndProject
Global
	GlobalSection(SolutionConfigurationPlatforms) = preSolution
		Debug|Any CPU = Debug|Any CPU
		Release|Any CPU = Release|Any CPU
	EndGlobalSection
	GlobalSection(ProjectConfigurationPlatforms) = postSolution
		{FEE3189C-9BB4-4014-A535-15CAEFC6F29D}.Debug|Any CPU.ActiveCfg = Debug|Any CPU
		{FEE3189C-9BB4-4014-A535-15CAEFC6F29D}.Debug|Any CPU.Build.0 = Debug|Any CPU
		{FEE3189C-9BB4-4014-A535-15CAEFC6F29D}.Release|Any CPU.ActiveCfg = Release|Any CPU
		{FEE3189C-9BB4-4014-A535-15CAEFC6F29D}.Release|Any CPU.Build.0 = Release|Any CPU
		{C8A28315-A53D-4C5F-B2DA-DB1C3BC52BC0}.Debug|Any CPU.ActiveCfg = Debug|Any CPU
		{C8A28315-A53D-4C5F-B2DA-DB1C3BC52BC0}.Debug|Any CPU.Build.0 = Debug|Any CPU
		{C8A28315-A53D-4C5F-B2DA-DB1C3BC52BC0}.Release|Any CPU.ActiveCfg = Release|Any CPU
		{C8A28315-A53D-4C5F-B2DA-DB1C3BC52BC0}.Release|Any CPU.Build.0 = Release|Any CPU
		{8A2B433B-B464-4D25-9992-B7EE3080C385}.Debug|Any CPU.ActiveCfg = Debug|Any CPU
		{8A2B433B-B464-4D25-9992-B7EE3080C385}.Debug|Any CPU.Build.0 = Debug|Any CPU
		{8A2B433B-B464-4D25-9992-B7EE3080C385}.Release|Any CPU.ActiveCfg = Release|Any CPU
		{8A2B433B-B464-4D25-9992-B7EE3080C385}.Release|Any CPU.Build.0 = Release|Any CPU
		{C3E74541-642D-4427-89AD-E7C370BC289A}.Debug|Any CPU.ActiveCfg = Debug|Any CPU
		{C3E74541-642D-4427-89AD-E7C370BC289A}.Debug|Any CPU.Build.0 = Debug|Any CPU
		{C3E74541-642D-4427-89AD-E7C370BC289A}.Release|Any CPU.ActiveCfg = Release|Any CPU
		{C3E74541-642D-4427-89AD-E7C370BC289A}.Release|Any CPU.Build.0 = Release|Any CPU
		{5E8F1A45-54EB-4435-BE4F-FD6561E61F89}.Debug|Any CPU.ActiveCfg = Debug|Any CPU
		{5E8F1A45-54EB-4435-BE4F-FD6561E61F89}.Debug|Any CPU.Build.0 = Debug|Any CPU
		{5E8F1A45-54EB-4435-BE4F-FD6561E61F89}.Release|Any CPU.ActiveCfg = Release|Any CPU
		{5E8F1A45-54EB-4435-BE4F-FD6561E61F89}.Release|Any CPU.Build.0 = Release|Any CPU
		{C6C85378-BA31-48CC-924E-067EB9D1C332}.Debug|Any CPU.ActiveCfg = Debug|Any CPU
		{C6C85378-BA31-48CC-924E-067EB9D1C332}.Debug|Any CPU.Build.0 = Debug|Any CPU
		{C6C85378-BA31-48CC-924E-067EB9D1C332}.Release|Any CPU.ActiveCfg = Release|Any CPU
		{C6C85378-BA31-48CC-924E-067EB9D1C332}.Release|Any CPU.Build.0 = Release|Any CPU
		{DB2BF2C8-C179-4012-94D3-B08CC43D25D4}.Debug|Any CPU.ActiveCfg = Debug|Any CPU
		{DB2BF2C8-C179-4012-94D3-B08CC43D25D4}.Debug|Any CPU.Build.0 = Debug|Any CPU
		{DB2BF2C8-C179-4012-94D3-B08CC43D25D4}.Release|Any CPU.ActiveCfg = Release|Any CPU
		{DB2BF2C8-C179-4012-94D3-B08CC43D25D4}.Release|Any CPU.Build.0 = Release|Any CPU
		{896F9113-D955-44BB-9E30-2C184BF66FA3}.Debug|Any CPU.ActiveCfg = Debug|Any CPU
		{896F9113-D955-44BB-9E30-2C184BF66FA3}.Debug|Any CPU.Build.0 = Debug|Any CPU
		{896F9113-D955-44BB-9E30-2C184BF66FA3}.Release|Any CPU.ActiveCfg = Release|Any CPU
		{896F9113-D955-44BB-9E30-2C184BF66FA3}.Release|Any CPU.Build.0 = Release|Any CPU
		{7FC4AE07-7B6C-4377-BE6C-8DA6FF785799}.Debug|Any CPU.ActiveCfg = Debug|Any CPU
		{7FC4AE07-7B6C-4377-BE6C-8DA6FF785799}.Debug|Any CPU.Build.0 = Debug|Any CPU
		{7FC4AE07-7B6C-4377-BE6C-8DA6FF785799}.Release|Any CPU.ActiveCfg = Release|Any CPU
		{7FC4AE07-7B6C-4377-BE6C-8DA6FF785799}.Release|Any CPU.Build.0 = Release|Any CPU
		{F7DA61BC-09B7-4C09-814D-86B3D2B94CEF}.Debug|Any CPU.ActiveCfg = Debug|Any CPU
		{F7DA61BC-09B7-4C09-814D-86B3D2B94CEF}.Debug|Any CPU.Build.0 = Debug|Any CPU
		{F7DA61BC-09B7-4C09-814D-86B3D2B94CEF}.Release|Any CPU.ActiveCfg = Release|Any CPU
		{F7DA61BC-09B7-4C09-814D-86B3D2B94CEF}.Release|Any CPU.Build.0 = Release|Any CPU
	EndGlobalSection
	GlobalSection(SolutionProperties) = preSolution
		HideSolutionNode = FALSE
	EndGlobalSection
	GlobalSection(NestedProjects) = preSolution
		{4AC871F4-A7AE-490E-8463-5879F0E95EDB} = {96A37CC9-9A09-49F5-9227-00921810A3C3}
		{FEE3189C-9BB4-4014-A535-15CAEFC6F29D} = {4AC871F4-A7AE-490E-8463-5879F0E95EDB}
		{C8A28315-A53D-4C5F-B2DA-DB1C3BC52BC0} = {76D775FF-F793-49BA-B40C-9CA0577944AD}
		{76D775FF-F793-49BA-B40C-9CA0577944AD} = {96A37CC9-9A09-49F5-9227-00921810A3C3}
		{47E754F3-3598-4A10-B8B6-F08275C75C29} = {96A37CC9-9A09-49F5-9227-00921810A3C3}
		{517B1258-4578-4B63-A1A8-32228AD9C982} = {96A37CC9-9A09-49F5-9227-00921810A3C3}
		{D8A726B8-434C-4ECB-90B5-B6815C6861FC} = {517B1258-4578-4B63-A1A8-32228AD9C982}
		{93125017-8FE4-42D7-9D6B-0CD46425F874} = {96A37CC9-9A09-49F5-9227-00921810A3C3}
		{8A2B433B-B464-4D25-9992-B7EE3080C385} = {93125017-8FE4-42D7-9D6B-0CD46425F874}
		{C3E74541-642D-4427-89AD-E7C370BC289A} = {D8A726B8-434C-4ECB-90B5-B6815C6861FC}
		{5E8F1A45-54EB-4435-BE4F-FD6561E61F89} = {47E754F3-3598-4A10-B8B6-F08275C75C29}
		{C6C85378-BA31-48CC-924E-067EB9D1C332} = {47E754F3-3598-4A10-B8B6-F08275C75C29}
		{DB2BF2C8-C179-4012-94D3-B08CC43D25D4} = {2260A756-89FB-45AC-801E-51B4F55444ED}
		{896F9113-D955-44BB-9E30-2C184BF66FA3} = {2260A756-89FB-45AC-801E-51B4F55444ED}
		{7FC4AE07-7B6C-4377-BE6C-8DA6FF785799} = {2260A756-89FB-45AC-801E-51B4F55444ED}
		{75E64ADC-A6FB-4D6C-9FFC-6F049E028FBD} = {2260A756-89FB-45AC-801E-51B4F55444ED}
		{F7DA61BC-09B7-4C09-814D-86B3D2B94CEF} = {75E64ADC-A6FB-4D6C-9FFC-6F049E028FBD}
	EndGlobalSection
	GlobalSection(ExtensibilityGlobals) = postSolution
		SolutionGuid = {B7B44C08-5478-438E-A9AA-C06050C868F1}
	EndGlobalSection
EndGlobal
